
Microsoft Visual Studio Solution File, Format Version 12.00
# Visual Studio Version 16
VisualStudioVersion = 16.0.33529.622
MinimumVisualStudioVersion = 10.0.40219.1
Project("{FAE04EC0-301F-11D3-BF4B-00C04F79EFBC}") = "ExploradorWeb", "ExploradorWeb.csproj", "{B15F9CE2-F2E2-42B7-8C8D-8047AF7470F9}"
EndProject
Global
	GlobalSection(SolutionConfigurationPlatforms) = preSolution
		Debug|Any CPU = Debug|Any CPU
		Release|Any CPU = Release|Any CPU
	EndGlobalSection
	GlobalSection(ProjectConfigurationPlatforms) = postSolution
		{B15F9CE2-F2E2-42B7-8C8D-8047AF7470F9}.Debug|Any CPU.ActiveCfg = Debug|Any CPU
		{B15F9CE2-F2E2-42B7-8C8D-8047AF7470F9}.Debug|Any CPU.Build.0 = Debug|Any CPU
		{B15F9CE2-F2E2-42B7-8C8D-8047AF7470F9}.Release|Any CPU.ActiveCfg = Release|Any CPU
		{B15F9CE2-F2E2-42B7-8C8D-8047AF7470F9}.Release|Any CPU.Build.0 = Release|Any CPU
	EndGlobalSection
	GlobalSection(SolutionProperties) = preSolution
		HideSolutionNode = FALSE
	EndGlobalSection
	GlobalSection(ExtensibilityGlobals) = postSolution
		SolutionGuid = {200FE610-A39F-4C5A-B8A8-6A4AAAC7AC90}
	EndGlobalSection
EndGlobal
